
Microsoft Visual Studio Solution File, Format Version 12.00
# Visual Studio Version 17
VisualStudioVersion = 17.5.33530.505
MinimumVisualStudioVersion = 10.0.40219.1
Project("{9A19103F-16F7-4668-BE54-9A1E7A4F7556}") = "CursoNetcore", "CursoNetcore.csproj", "{1E04756B-827B-469F-96E7-49A0AE537A0E}"
EndProject
Project("{9A19103F-16F7-4668-BE54-9A1E7A4F7556}") = "ConsoleApp2", "..\ConsoleApp2\ConsoleApp2.csproj", "{19C5906F-060D-4751-9CB0-06426D650D1F}"
EndProject
Project("{FAE04EC0-301F-11D3-BF4B-00C04F79EFBC}") = "ConsoleApp1", "..\ConsoleApp1\ConsoleApp1.csproj", "{F8FC5273-1103-4643-8E32-D865842F395C}"
EndProject
Global
	GlobalSection(SolutionConfigurationPlatforms) = preSolution
		Debug|Any CPU = Debug|Any CPU
		Release|Any CPU = Release|Any CPU
	EndGlobalSection
	GlobalSection(ProjectConfigurationPlatforms) = postSolution
		{1E04756B-827B-469F-96E7-49A0AE537A0E}.Debug|Any CPU.ActiveCfg = Debug|Any CPU
		{1E04756B-827B-469F-96E7-49A0AE537A0E}.Debug|Any CPU.Build.0 = Debug|Any CPU
		{1E04756B-827B-469F-96E7-49A0AE537A0E}.Release|Any CPU.ActiveCfg = Release|Any CPU
		{1E04756B-827B-469F-96E7-49A0AE537A0E}.Release|Any CPU.Build.0 = Release|Any CPU
		{19C5906F-060D-4751-9CB0-06426D650D1F}.Debug|Any CPU.ActiveCfg = Debug|Any CPU
		{19C5906F-060D-4751-9CB0-06426D650D1F}.Debug|Any CPU.Build.0 = Debug|Any CPU
		{19C5906F-060D-4751-9CB0-06426D650D1F}.Release|Any CPU.ActiveCfg = Release|Any CPU
		{19C5906F-060D-4751-9CB0-06426D650D1F}.Release|Any CPU.Build.0 = Release|Any CPU
		{F8FC5273-1103-4643-8E32-D865842F395C}.Debug|Any CPU.ActiveCfg = Debug|Any CPU
		{F8FC5273-1103-4643-8E32-D865842F395C}.Debug|Any CPU.Build.0 = Debug|Any CPU
		{F8FC5273-1103-4643-8E32-D865842F395C}.Release|Any CPU.ActiveCfg = Release|Any CPU
		{F8FC5273-1103-4643-8E32-D865842F395C}.Release|Any CPU.Build.0 = Release|Any CPU
	EndGlobalSection
	GlobalSection(SolutionProperties) = preSolution
		HideSolutionNode = FALSE
	EndGlobalSection
	GlobalSection(ExtensibilityGlobals) = postSolution
		SolutionGuid = {087FF878-4813-4221-AE61-626ADCA8F20C}
	EndGlobalSection
EndGlobal
